
Microsoft Visual Studio Solution File, Format Version 12.00
# Visual Studio Version 17
VisualStudioVersion = 17.0.31903.59
MinimumVisualStudioVersion = 10.0.40219.1
Project("{2150E333-8FDC-42A3-9474-1A3956D46DE8}") = "Solution Items", "Solution Items", "{F1FA031B-A2B6-43D0-A440-3BE017A27BB9}"
EndProject
Project("{2150E333-8FDC-42A3-9474-1A3956D46DE8}") = "src", "src", "{993CF8F9-84FA-4219-8903-20B63BC3304E}"
EndProject
Project("{2150E333-8FDC-42A3-9474-1A3956D46DE8}") = "Test", "Test", "{A476C09C-7F46-41AB-92D1-B0CD34D1C2C4}"
EndProject
Project("{2150E333-8FDC-42A3-9474-1A3956D46DE8}") = "Service-Client", "Service-Client", "{9446C7BC-E220-49C2-A719-55C2CF7BB420}"
EndProject
Project("{9A19103F-16F7-4668-BE54-9A1E7A4F7556}") = "GrpcClient1", "Service-Client\GrpcClient1\GrpcClient1.csproj", "{FAFCE946-81AB-4752-ABB5-633E4FE9E28B}"
EndProject
Project("{9A19103F-16F7-4668-BE54-9A1E7A4F7556}") = "GrpcService", "Service-Client\GrpcService\GrpcService.csproj", "{2E8AF905-07CD-407C-ADFA-9E1D947C5FA5}"
EndProject
Project("{2150E333-8FDC-42A3-9474-1A3956D46DE8}") = "Service-Service", "Service-Service", "{51BCC401-BC47-4AFC-A054-2B9F7A9EA84C}"
EndProject
Project("{9A19103F-16F7-4668-BE54-9A1E7A4F7556}") = "GrpcService2", "Service-Service\GrpcService2\GrpcService2.csproj", "{E8101E9F-5AC5-479A-A27C-E07F45A02414}"
EndProject
Project("{9A19103F-16F7-4668-BE54-9A1E7A4F7556}") = "GrpcService3", "Service-Service\GrpcService3\GrpcService3.csproj", "{923DE80D-3246-4EB6-8C89-9AF03B95D54E}"
EndProject
Global
	GlobalSection(SolutionConfigurationPlatforms) = preSolution
		Debug|Any CPU = Debug|Any CPU
		Release|Any CPU = Release|Any CPU
	EndGlobalSection
	GlobalSection(ProjectConfigurationPlatforms) = postSolution
		{FAFCE946-81AB-4752-ABB5-633E4FE9E28B}.Debug|Any CPU.ActiveCfg = Debug|Any CPU
		{FAFCE946-81AB-4752-ABB5-633E4FE9E28B}.Debug|Any CPU.Build.0 = Debug|Any CPU
		{FAFCE946-81AB-4752-ABB5-633E4FE9E28B}.Release|Any CPU.ActiveCfg = Release|Any CPU
		{FAFCE946-81AB-4752-ABB5-633E4FE9E28B}.Release|Any CPU.Build.0 = Release|Any CPU
		{2E8AF905-07CD-407C-ADFA-9E1D947C5FA5}.Debug|Any CPU.ActiveCfg = Debug|Any CPU
		{2E8AF905-07CD-407C-ADFA-9E1D947C5FA5}.Debug|Any CPU.Build.0 = Debug|Any CPU
		{2E8AF905-07CD-407C-ADFA-9E1D947C5FA5}.Release|Any CPU.ActiveCfg = Release|Any CPU
		{2E8AF905-07CD-407C-ADFA-9E1D947C5FA5}.Release|Any CPU.Build.0 = Release|Any CPU
		{E8101E9F-5AC5-479A-A27C-E07F45A02414}.Debug|Any CPU.ActiveCfg = Debug|Any CPU
		{E8101E9F-5AC5-479A-A27C-E07F45A02414}.Debug|Any CPU.Build.0 = Debug|Any CPU
		{E8101E9F-5AC5-479A-A27C-E07F45A02414}.Release|Any CPU.ActiveCfg = Release|Any CPU
		{E8101E9F-5AC5-479A-A27C-E07F45A02414}.Release|Any CPU.Build.0 = Release|Any CPU
		{923DE80D-3246-4EB6-8C89-9AF03B95D54E}.Debug|Any CPU.ActiveCfg = Debug|Any CPU
		{923DE80D-3246-4EB6-8C89-9AF03B95D54E}.Debug|Any CPU.Build.0 = Debug|Any CPU
		{923DE80D-3246-4EB6-8C89-9AF03B95D54E}.Release|Any CPU.ActiveCfg = Release|Any CPU
		{923DE80D-3246-4EB6-8C89-9AF03B95D54E}.Release|Any CPU.Build.0 = Release|Any CPU
	EndGlobalSection
	GlobalSection(SolutionProperties) = preSolution
		HideSolutionNode = FALSE
	EndGlobalSection
	GlobalSection(NestedProjects) = preSolution
		{9446C7BC-E220-49C2-A719-55C2CF7BB420} = {993CF8F9-84FA-4219-8903-20B63BC3304E}
		{FAFCE946-81AB-4752-ABB5-633E4FE9E28B} = {9446C7BC-E220-49C2-A719-55C2CF7BB420}
		{2E8AF905-07CD-407C-ADFA-9E1D947C5FA5} = {9446C7BC-E220-49C2-A719-55C2CF7BB420}
		{51BCC401-BC47-4AFC-A054-2B9F7A9EA84C} = {993CF8F9-84FA-4219-8903-20B63BC3304E}
		{E8101E9F-5AC5-479A-A27C-E07F45A02414} = {51BCC401-BC47-4AFC-A054-2B9F7A9EA84C}
		{923DE80D-3246-4EB6-8C89-9AF03B95D54E} = {51BCC401-BC47-4AFC-A054-2B9F7A9EA84C}
	EndGlobalSection
	GlobalSection(ExtensibilityGlobals) = postSolution
		SolutionGuid = {5C82EEF4-0C9C-407C-96C5-BC32BAC66B37}
	EndGlobalSection
EndGlobal
