
Microsoft Visual Studio Solution File, Format Version 12.00
# Visual Studio Version 17
VisualStudioVersion = 17.0.31903.59
MinimumVisualStudioVersion = 10.0.40219.1
Project("{2150E333-8FDC-42A3-9474-1A3956D46DE8}") = "Solution Items", "Solution Items", "{F1FA031B-A2B6-43D0-A440-3BE017A27BB9}"
EndProject
Project("{2150E333-8FDC-42A3-9474-1A3956D46DE8}") = "src", "src", "{993CF8F9-84FA-4219-8903-20B63BC3304E}"
EndProject
Project("{2150E333-8FDC-42A3-9474-1A3956D46DE8}") = "Client-Service", "Client-Service", "{9446C7BC-E220-49C2-A719-55C2CF7BB420}"
EndProject
Project("{2150E333-8FDC-42A3-9474-1A3956D46DE8}") = "Service-Service", "Service-Service", "{51BCC401-BC47-4AFC-A054-2B9F7A9EA84C}"
EndProject
Project("{9A19103F-16F7-4668-BE54-9A1E7A4F7556}") = "GrpcClient1", "src\Client-Service\GrpcClient1\GrpcClient1.csproj", "{7D819D68-21A9-4CDB-BD65-D23D883F8972}"
EndProject
Project("{9A19103F-16F7-4668-BE54-9A1E7A4F7556}") = "GrpcService", "src\Client-Service\GrpcService\GrpcService.csproj", "{EDE2A588-1575-44BB-90CA-AAD34D62CA6B}"
EndProject
Project("{9A19103F-16F7-4668-BE54-9A1E7A4F7556}") = "GrpcService2", "src\Service-Service\GrpcService2\GrpcService2.csproj", "{76C2384C-1789-4B8C-9C71-4F7F8B9A7AB1}"
EndProject
Project("{9A19103F-16F7-4668-BE54-9A1E7A4F7556}") = "GrpcService3", "src\Service-Service\GrpcService3\GrpcService3.csproj", "{0ADB4EEC-6D12-48B5-BC80-2CF6C49FB2DD}"
EndProject
Global
	GlobalSection(SolutionConfigurationPlatforms) = preSolution
		Debug|Any CPU = Debug|Any CPU
		Release|Any CPU = Release|Any CPU
	EndGlobalSection
	GlobalSection(ProjectConfigurationPlatforms) = postSolution
		{7D819D68-21A9-4CDB-BD65-D23D883F8972}.Debug|Any CPU.ActiveCfg = Debug|Any CPU
		{7D819D68-21A9-4CDB-BD65-D23D883F8972}.Debug|Any CPU.Build.0 = Debug|Any CPU
		{7D819D68-21A9-4CDB-BD65-D23D883F8972}.Release|Any CPU.ActiveCfg = Release|Any CPU
		{7D819D68-21A9-4CDB-BD65-D23D883F8972}.Release|Any CPU.Build.0 = Release|Any CPU
		{EDE2A588-1575-44BB-90CA-AAD34D62CA6B}.Debug|Any CPU.ActiveCfg = Debug|Any CPU
		{EDE2A588-1575-44BB-90CA-AAD34D62CA6B}.Debug|Any CPU.Build.0 = Debug|Any CPU
		{EDE2A588-1575-44BB-90CA-AAD34D62CA6B}.Release|Any CPU.ActiveCfg = Release|Any CPU
		{EDE2A588-1575-44BB-90CA-AAD34D62CA6B}.Release|Any CPU.Build.0 = Release|Any CPU
		{76C2384C-1789-4B8C-9C71-4F7F8B9A7AB1}.Debug|Any CPU.ActiveCfg = Debug|Any CPU
		{76C2384C-1789-4B8C-9C71-4F7F8B9A7AB1}.Debug|Any CPU.Build.0 = Debug|Any CPU
		{76C2384C-1789-4B8C-9C71-4F7F8B9A7AB1}.Release|Any CPU.ActiveCfg = Release|Any CPU
		{76C2384C-1789-4B8C-9C71-4F7F8B9A7AB1}.Release|Any CPU.Build.0 = Release|Any CPU
		{0ADB4EEC-6D12-48B5-BC80-2CF6C49FB2DD}.Debug|Any CPU.ActiveCfg = Debug|Any CPU
		{0ADB4EEC-6D12-48B5-BC80-2CF6C49FB2DD}.Debug|Any CPU.Build.0 = Debug|Any CPU
		{0ADB4EEC-6D12-48B5-BC80-2CF6C49FB2DD}.Release|Any CPU.ActiveCfg = Release|Any CPU
		{0ADB4EEC-6D12-48B5-BC80-2CF6C49FB2DD}.Release|Any CPU.Build.0 = Release|Any CPU
	EndGlobalSection
	GlobalSection(SolutionProperties) = preSolution
		HideSolutionNode = FALSE
	EndGlobalSection
	GlobalSection(NestedProjects) = preSolution
		{9446C7BC-E220-49C2-A719-55C2CF7BB420} = {993CF8F9-84FA-4219-8903-20B63BC3304E}
		{51BCC401-BC47-4AFC-A054-2B9F7A9EA84C} = {993CF8F9-84FA-4219-8903-20B63BC3304E}
		{7D819D68-21A9-4CDB-BD65-D23D883F8972} = {9446C7BC-E220-49C2-A719-55C2CF7BB420}
		{EDE2A588-1575-44BB-90CA-AAD34D62CA6B} = {9446C7BC-E220-49C2-A719-55C2CF7BB420}
		{76C2384C-1789-4B8C-9C71-4F7F8B9A7AB1} = {51BCC401-BC47-4AFC-A054-2B9F7A9EA84C}
		{0ADB4EEC-6D12-48B5-BC80-2CF6C49FB2DD} = {51BCC401-BC47-4AFC-A054-2B9F7A9EA84C}
	EndGlobalSection
	GlobalSection(ExtensibilityGlobals) = postSolution
		SolutionGuid = {5C82EEF4-0C9C-407C-96C5-BC32BAC66B37}
	EndGlobalSection
EndGlobal
